
Microsoft Visual Studio Solution File, Format Version 12.00
# Visual Studio Version 17
VisualStudioVersion = 17.1.32228.430
MinimumVisualStudioVersion = 10.0.40219.1
Project("{2150E333-8FDC-42A3-9474-1A3956D46DE8}") = "src", "src", "{02B0ED67-9952-4475-A87B-D9E43879D49E}"
EndProject
Project("{2150E333-8FDC-42A3-9474-1A3956D46DE8}") = "Building Blocks", "Building Blocks", "{0488ECD2-24FB-4825-A029-CD3A62A66C2F}"
EndProject
Project("{2150E333-8FDC-42A3-9474-1A3956D46DE8}") = "Services", "Services", "{E613171D-B277-47BD-AC00-F28003C2DD8C}"
EndProject
Project("{2150E333-8FDC-42A3-9474-1A3956D46DE8}") = "Web", "Web", "{CB760123-E967-4044-AD63-AF2D9D46F776}"
EndProject
Project("{2150E333-8FDC-42A3-9474-1A3956D46DE8}") = "Identidade", "Identidade", "{9739E1CD-B17D-4686-A8FB-56580247A61C}"
EndProject
Project("{9A19103F-16F7-4668-BE54-9A1E7A4F7556}") = "NSE.Identidade.API", "src\Services\NSE.Identidade.API\NSE.Identidade.API.csproj", "{F7961D59-57F6-4822-A4A7-1E5EE4726449}"
EndProject
Project("{2150E333-8FDC-42A3-9474-1A3956D46DE8}") = "MVC", "MVC", "{2C1A8CE3-7FA2-482C-99B2-101EC6020162}"
EndProject
Project("{9A19103F-16F7-4668-BE54-9A1E7A4F7556}") = "NSE.WebApp.MVC", "src\Web\NSE.WebApp.MVC\NSE.WebApp.MVC.csproj", "{CEA42182-F0DC-4247-B37C-A5B3D3207DE4}"
EndProject
Project("{2150E333-8FDC-42A3-9474-1A3956D46DE8}") = "Core", "Core", "{0087A44C-F0E8-477D-838B-0EEE6CA6FC7A}"
EndProject
Project("{9A19103F-16F7-4668-BE54-9A1E7A4F7556}") = "NSE.Core", "src\Building Blocks\NSE.Core\NSE.Core.csproj", "{B236E366-EAB2-46DD-B30B-2200DFC661A3}"
EndProject
Project("{2150E333-8FDC-42A3-9474-1A3956D46DE8}") = "Catalogo", "Catalogo", "{E62AFF33-360E-4554-9187-95319234C167}"
EndProject
Project("{2150E333-8FDC-42A3-9474-1A3956D46DE8}") = "Carrinho", "Carrinho", "{42862A4F-165E-4CE3-BFE1-A9E8056E0F45}"
EndProject
Project("{2150E333-8FDC-42A3-9474-1A3956D46DE8}") = "Cliente", "Cliente", "{F4938A88-7DB9-4248-9A7F-D13D12D30BF0}"
EndProject
Project("{2150E333-8FDC-42A3-9474-1A3956D46DE8}") = "Pagamento", "Pagamento", "{7C485C30-2483-4F9F-8E88-D881D7903CD6}"
EndProject
Project("{2150E333-8FDC-42A3-9474-1A3956D46DE8}") = "Pedido", "Pedido", "{62304C7B-C370-4AF9-88D3-CD5706425A7F}"
EndProject
Project("{FAE04EC0-301F-11D3-BF4B-00C04F79EFBC}") = "NSE.Catalogo.API", "src\Services\NSE.Catalogo.API\NSE.Catalogo.API.csproj", "{D8EEE083-D5B0-4FCF-B6D1-25F3D6F83F02}"
EndProject
Global
	GlobalSection(SolutionConfigurationPlatforms) = preSolution
		Debug|Any CPU = Debug|Any CPU
		Release|Any CPU = Release|Any CPU
	EndGlobalSection
	GlobalSection(ProjectConfigurationPlatforms) = postSolution
		{F7961D59-57F6-4822-A4A7-1E5EE4726449}.Debug|Any CPU.ActiveCfg = Debug|Any CPU
		{F7961D59-57F6-4822-A4A7-1E5EE4726449}.Debug|Any CPU.Build.0 = Debug|Any CPU
		{F7961D59-57F6-4822-A4A7-1E5EE4726449}.Release|Any CPU.ActiveCfg = Release|Any CPU
		{F7961D59-57F6-4822-A4A7-1E5EE4726449}.Release|Any CPU.Build.0 = Release|Any CPU
		{CEA42182-F0DC-4247-B37C-A5B3D3207DE4}.Debug|Any CPU.ActiveCfg = Debug|Any CPU
		{CEA42182-F0DC-4247-B37C-A5B3D3207DE4}.Debug|Any CPU.Build.0 = Debug|Any CPU
		{CEA42182-F0DC-4247-B37C-A5B3D3207DE4}.Release|Any CPU.ActiveCfg = Release|Any CPU
		{CEA42182-F0DC-4247-B37C-A5B3D3207DE4}.Release|Any CPU.Build.0 = Release|Any CPU
		{B236E366-EAB2-46DD-B30B-2200DFC661A3}.Debug|Any CPU.ActiveCfg = Debug|Any CPU
		{B236E366-EAB2-46DD-B30B-2200DFC661A3}.Debug|Any CPU.Build.0 = Debug|Any CPU
		{B236E366-EAB2-46DD-B30B-2200DFC661A3}.Release|Any CPU.ActiveCfg = Release|Any CPU
		{B236E366-EAB2-46DD-B30B-2200DFC661A3}.Release|Any CPU.Build.0 = Release|Any CPU
		{D8EEE083-D5B0-4FCF-B6D1-25F3D6F83F02}.Debug|Any CPU.ActiveCfg = Debug|Any CPU
		{D8EEE083-D5B0-4FCF-B6D1-25F3D6F83F02}.Debug|Any CPU.Build.0 = Debug|Any CPU
		{D8EEE083-D5B0-4FCF-B6D1-25F3D6F83F02}.Release|Any CPU.ActiveCfg = Release|Any CPU
		{D8EEE083-D5B0-4FCF-B6D1-25F3D6F83F02}.Release|Any CPU.Build.0 = Release|Any CPU
	EndGlobalSection
	GlobalSection(SolutionProperties) = preSolution
		HideSolutionNode = FALSE
	EndGlobalSection
	GlobalSection(NestedProjects) = preSolution
		{0488ECD2-24FB-4825-A029-CD3A62A66C2F} = {02B0ED67-9952-4475-A87B-D9E43879D49E}
		{E613171D-B277-47BD-AC00-F28003C2DD8C} = {02B0ED67-9952-4475-A87B-D9E43879D49E}
		{CB760123-E967-4044-AD63-AF2D9D46F776} = {02B0ED67-9952-4475-A87B-D9E43879D49E}
		{9739E1CD-B17D-4686-A8FB-56580247A61C} = {E613171D-B277-47BD-AC00-F28003C2DD8C}
		{F7961D59-57F6-4822-A4A7-1E5EE4726449} = {9739E1CD-B17D-4686-A8FB-56580247A61C}
		{2C1A8CE3-7FA2-482C-99B2-101EC6020162} = {CB760123-E967-4044-AD63-AF2D9D46F776}
		{CEA42182-F0DC-4247-B37C-A5B3D3207DE4} = {2C1A8CE3-7FA2-482C-99B2-101EC6020162}
		{0087A44C-F0E8-477D-838B-0EEE6CA6FC7A} = {0488ECD2-24FB-4825-A029-CD3A62A66C2F}
		{B236E366-EAB2-46DD-B30B-2200DFC661A3} = {0087A44C-F0E8-477D-838B-0EEE6CA6FC7A}
		{E62AFF33-360E-4554-9187-95319234C167} = {E613171D-B277-47BD-AC00-F28003C2DD8C}
		{42862A4F-165E-4CE3-BFE1-A9E8056E0F45} = {E613171D-B277-47BD-AC00-F28003C2DD8C}
		{F4938A88-7DB9-4248-9A7F-D13D12D30BF0} = {E613171D-B277-47BD-AC00-F28003C2DD8C}
		{7C485C30-2483-4F9F-8E88-D881D7903CD6} = {E613171D-B277-47BD-AC00-F28003C2DD8C}
		{62304C7B-C370-4AF9-88D3-CD5706425A7F} = {E613171D-B277-47BD-AC00-F28003C2DD8C}
		{D8EEE083-D5B0-4FCF-B6D1-25F3D6F83F02} = {E62AFF33-360E-4554-9187-95319234C167}
	EndGlobalSection
	GlobalSection(ExtensibilityGlobals) = postSolution
		SolutionGuid = {B3B0C4A2-D6D2-4AEE-9E23-68AF5B05D885}
	EndGlobalSection
EndGlobal
